
Microsoft Visual Studio Solution File, Format Version 12.00
# Visual Studio Version 17
VisualStudioVersion = 17.11.35219.272
MinimumVisualStudioVersion = 10.0.40219.1
Project("{9A19103F-16F7-4668-BE54-9A1E7A4F7556}") = "PROG6212_ICE_TASK_3", "prog6212-ice-3-ST10249838\PROG6212_ICE_TASK_3.csproj", "{6AC293ED-0C3B-402C-B4EA-794151AB71EE}"
EndProject
Global
	GlobalSection(SolutionConfigurationPlatforms) = preSolution
		Debug|Any CPU = Debug|Any CPU
		Release|Any CPU = Release|Any CPU
	EndGlobalSection
	GlobalSection(ProjectConfigurationPlatforms) = postSolution
		{6AC293ED-0C3B-402C-B4EA-794151AB71EE}.Debug|Any CPU.ActiveCfg = Debug|Any CPU
		{6AC293ED-0C3B-402C-B4EA-794151AB71EE}.Debug|Any CPU.Build.0 = Debug|Any CPU
		{6AC293ED-0C3B-402C-B4EA-794151AB71EE}.Release|Any CPU.ActiveCfg = Release|Any CPU
		{6AC293ED-0C3B-402C-B4EA-794151AB71EE}.Release|Any CPU.Build.0 = Release|Any CPU
	EndGlobalSection
	GlobalSection(SolutionProperties) = preSolution
		HideSolutionNode = FALSE
	EndGlobalSection
	GlobalSection(ExtensibilityGlobals) = postSolution
		SolutionGuid = {3F0F8564-B8D2-4DFE-A8CD-CDCC39EAF935}
	EndGlobalSection
EndGlobal
